
Microsoft Visual Studio Solution File, Format Version 12.00
# Visual Studio Version 17
VisualStudioVersion = 17.0.31903.59
MinimumVisualStudioVersion = 10.0.40219.1
Project("{FAE04EC0-301F-11D3-BF4B-00C04F79EFBC}") = "SlakUTrack.WebApplication", "SlakUTrack.WebApplication.csproj", "{4657E414-DCC9-401C-BF7D-86F1A0BC085D}"
EndProject
Project("{2150E333-8FDC-42A3-9474-1A3956D46DE8}") = "tests", "tests", "{0AB3BF05-4346-4AA6-1389-037BE0695223}"
EndProject
Project("{FAE04EC0-301F-11D3-BF4B-00C04F79EFBC}") = "SlakUTrack.WebApplication.Tests", "tests\SlakUTrack.WebApplication.Tests\SlakUTrack.WebApplication.Tests.csproj", "{28F0A3FC-352B-479B-90DC-3921EAB96085}"
EndProject
Global
	GlobalSection(SolutionConfigurationPlatforms) = preSolution
		Debug|Any CPU = Debug|Any CPU
		Debug|x64 = Debug|x64
		Debug|x86 = Debug|x86
		Release|Any CPU = Release|Any CPU
		Release|x64 = Release|x64
		Release|x86 = Release|x86
	EndGlobalSection
	GlobalSection(ProjectConfigurationPlatforms) = postSolution
		{4657E414-DCC9-401C-BF7D-86F1A0BC085D}.Debug|Any CPU.ActiveCfg = Debug|Any CPU
		{4657E414-DCC9-401C-BF7D-86F1A0BC085D}.Debug|Any CPU.Build.0 = Debug|Any CPU
		{4657E414-DCC9-401C-BF7D-86F1A0BC085D}.Debug|x64.ActiveCfg = Debug|Any CPU
		{4657E414-DCC9-401C-BF7D-86F1A0BC085D}.Debug|x64.Build.0 = Debug|Any CPU
		{4657E414-DCC9-401C-BF7D-86F1A0BC085D}.Debug|x86.ActiveCfg = Debug|Any CPU
		{4657E414-DCC9-401C-BF7D-86F1A0BC085D}.Debug|x86.Build.0 = Debug|Any CPU
		{4657E414-DCC9-401C-BF7D-86F1A0BC085D}.Release|Any CPU.ActiveCfg = Release|Any CPU
		{4657E414-DCC9-401C-BF7D-86F1A0BC085D}.Release|Any CPU.Build.0 = Release|Any CPU
		{4657E414-DCC9-401C-BF7D-86F1A0BC085D}.Release|x64.ActiveCfg = Release|Any CPU
		{4657E414-DCC9-401C-BF7D-86F1A0BC085D}.Release|x64.Build.0 = Release|Any CPU
		{4657E414-DCC9-401C-BF7D-86F1A0BC085D}.Release|x86.ActiveCfg = Release|Any CPU
		{4657E414-DCC9-401C-BF7D-86F1A0BC085D}.Release|x86.Build.0 = Release|Any CPU
		{28F0A3FC-352B-479B-90DC-3921EAB96085}.Debug|Any CPU.ActiveCfg = Debug|Any CPU
		{28F0A3FC-352B-479B-90DC-3921EAB96085}.Debug|Any CPU.Build.0 = Debug|Any CPU
		{28F0A3FC-352B-479B-90DC-3921EAB96085}.Debug|x64.ActiveCfg = Debug|Any CPU
		{28F0A3FC-352B-479B-90DC-3921EAB96085}.Debug|x64.Build.0 = Debug|Any CPU
		{28F0A3FC-352B-479B-90DC-3921EAB96085}.Debug|x86.ActiveCfg = Debug|Any CPU
		{28F0A3FC-352B-479B-90DC-3921EAB96085}.Debug|x86.Build.0 = Debug|Any CPU
		{28F0A3FC-352B-479B-90DC-3921EAB96085}.Release|Any CPU.ActiveCfg = Release|Any CPU
		{28F0A3FC-352B-479B-90DC-3921EAB96085}.Release|Any CPU.Build.0 = Release|Any CPU
		{28F0A3FC-352B-479B-90DC-3921EAB96085}.Release|x64.ActiveCfg = Release|Any CPU
		{28F0A3FC-352B-479B-90DC-3921EAB96085}.Release|x64.Build.0 = Release|Any CPU
		{28F0A3FC-352B-479B-90DC-3921EAB96085}.Release|x86.ActiveCfg = Release|Any CPU
		{28F0A3FC-352B-479B-90DC-3921EAB96085}.Release|x86.Build.0 = Release|Any CPU
	EndGlobalSection
	GlobalSection(SolutionProperties) = preSolution
		HideSolutionNode = FALSE
	EndGlobalSection
	GlobalSection(NestedProjects) = preSolution
		{28F0A3FC-352B-479B-90DC-3921EAB96085} = {0AB3BF05-4346-4AA6-1389-037BE0695223}
	EndGlobalSection
EndGlobal
